
Microsoft Visual Studio Solution File, Format Version 12.00
# Visual Studio Version 17
VisualStudioVersion = 17.14.36429.23 d17.14
MinimumVisualStudioVersion = 10.0.40219.1
Project("{8BC9CEB8-8B4A-11D0-8D11-00A0C91BC942}") = "Project53", "Project53.vcxproj", "{0460A5F1-7F8D-4F11-B8E4-EC52BA9CE362}"
EndProject
Global
	GlobalSection(SolutionConfigurationPlatforms) = preSolution
		Debug|x64 = Debug|x64
		Debug|x86 = Debug|x86
		Release|x64 = Release|x64
		Release|x86 = Release|x86
	EndGlobalSection
	GlobalSection(ProjectConfigurationPlatforms) = postSolution
		{0460A5F1-7F8D-4F11-B8E4-EC52BA9CE362}.Debug|x64.ActiveCfg = Debug|x64
		{0460A5F1-7F8D-4F11-B8E4-EC52BA9CE362}.Debug|x64.Build.0 = Debug|x64
		{0460A5F1-7F8D-4F11-B8E4-EC52BA9CE362}.Debug|x86.ActiveCfg = Debug|Win32
		{0460A5F1-7F8D-4F11-B8E4-EC52BA9CE362}.Debug|x86.Build.0 = Debug|Win32
		{0460A5F1-7F8D-4F11-B8E4-EC52BA9CE362}.Release|x64.ActiveCfg = Release|x64
		{0460A5F1-7F8D-4F11-B8E4-EC52BA9CE362}.Release|x64.Build.0 = Release|x64
		{0460A5F1-7F8D-4F11-B8E4-EC52BA9CE362}.Release|x86.ActiveCfg = Release|Win32
		{0460A5F1-7F8D-4F11-B8E4-EC52BA9CE362}.Release|x86.Build.0 = Release|Win32
	EndGlobalSection
	GlobalSection(SolutionProperties) = preSolution
		HideSolutionNode = FALSE
	EndGlobalSection
	GlobalSection(ExtensibilityGlobals) = postSolution
		SolutionGuid = {EF97C190-E86F-4121-8429-6619976B04C1}
	EndGlobalSection
EndGlobal
